
Microsoft Visual Studio Solution File, Format Version 9.00
# Visual Studio 2005
Project("{8BC9CEB8-8B4A-11D0-8D11-00A0C91BC942}") = "ThreadsDemo", "ThreadsDemo.vcproj", "{4EDCAB58-4E34-4747-B782-3E009F525BE5}"
EndProject
Global
	GlobalSection(SolutionConfigurationPlatforms) = preSolution
		Debug|Win32 = Debug|Win32
		Release|Win32 = Release|Win32
	EndGlobalSection
	GlobalSection(ProjectConfigurationPlatforms) = postSolution
		{4EDCAB58-4E34-4747-B782-3E009F525BE5}.Debug|Win32.ActiveCfg = Debug|Win32
		{4EDCAB58-4E34-4747-B782-3E009F525BE5}.Debug|Win32.Build.0 = Debug|Win32
		{4EDCAB58-4E34-4747-B782-3E009F525BE5}.Release|Win32.ActiveCfg = Release|Win32
		{4EDCAB58-4E34-4747-B782-3E009F525BE5}.Release|Win32.Build.0 = Release|Win32
	EndGlobalSection
	GlobalSection(SolutionProperties) = preSolution
		HideSolutionNode = FALSE
	EndGlobalSection
EndGlobal
